
Microsoft Visual Studio Solution File, Format Version 12.00
# Visual Studio 15
VisualStudioVersion = 15.0.28010.2046
MinimumVisualStudioVersion = 10.0.40219.1
Project("{E24C65DC-7377-472B-9ABA-BC803B73C61A}") = "bbs+weibo", "bbs+weibo\", "{02B538C0-66C5-4D89-95B6-029069E96576}"
	ProjectSection(WebsiteProperties) = preProject
		TargetFrameworkMoniker = ".NETFramework,Version%3Dv4.6.1"
		Debug.AspNetCompiler.VirtualPath = "/localhost_56521"
		Debug.AspNetCompiler.PhysicalPath = "bbs+weibo\"
		Debug.AspNetCompiler.TargetPath = "PrecompiledWeb\localhost_56521\"
		Debug.AspNetCompiler.Updateable = "true"
		Debug.AspNetCompiler.ForceOverwrite = "true"
		Debug.AspNetCompiler.FixedNames = "false"
		Debug.AspNetCompiler.Debug = "True"
		Release.AspNetCompiler.VirtualPath = "/localhost_56521"
		Release.AspNetCompiler.PhysicalPath = "bbs+weibo\"
		Release.AspNetCompiler.TargetPath = "PrecompiledWeb\localhost_56521\"
		Release.AspNetCompiler.Updateable = "true"
		Release.AspNetCompiler.ForceOverwrite = "true"
		Release.AspNetCompiler.FixedNames = "false"
		Release.AspNetCompiler.Debug = "False"
		VWDPort = "56521"
		SlnRelativePath = "bbs+weibo\"
		DefaultWebSiteLanguage = "Visual C#"
	EndProjectSection
EndProject
Global
	GlobalSection(SolutionConfigurationPlatforms) = preSolution
		Debug|Any CPU = Debug|Any CPU
	EndGlobalSection
	GlobalSection(ProjectConfigurationPlatforms) = postSolution
		{02B538C0-66C5-4D89-95B6-029069E96576}.Debug|Any CPU.ActiveCfg = Debug|Any CPU
		{02B538C0-66C5-4D89-95B6-029069E96576}.Debug|Any CPU.Build.0 = Debug|Any CPU
	EndGlobalSection
	GlobalSection(SolutionProperties) = preSolution
		HideSolutionNode = FALSE
	EndGlobalSection
	GlobalSection(ExtensibilityGlobals) = postSolution
		SolutionGuid = {35512C0E-CAD2-4AD4-8E4E-30BC91222D75}
	EndGlobalSection
EndGlobal
